<?xml version="1.0" encoding="UTF-8" standalone="yes" ?>
<CodeBlocks_project_file>
	<FileVersion major="1" minor="6" />
	<Project>
		<Option title="Proiect 2 POO - NICOLAE VICTOR-ANDREI CTI 254" />
		<Option pch_mode="2" />
		<Option compiler="gcc" />
		<Build>
			<Target title="Debug">
				<Option output="bin/Debug/Proiect 2 POO - Facultate" prefix_auto="1" extension_auto="1" />
				<Option object_output="obj/Debug/" />
				<Option type="1" />
				<Option compiler="gcc" />
				<Compiler>
					<Add option="-g" />
				</Compiler>
			</Target>
			<Target title="Release">
				<Option output="bin/Release/Proiect 2 POO - Facultate" prefix_auto="1" extension_auto="1" />
				<Option object_output="obj/Release/" />
				<Option type="1" />
				<Option compiler="gcc" />
				<Compiler>
					<Add option="-O2" />
				</Compiler>
				<Linker>
					<Add option="-s" />
				</Linker>
			</Target>
		</Build>
		<Compiler>
			<Add option="-Wall" />
			<Add option="-fexceptions" />
		</Compiler>
		<Unit filename="Activity.cpp">
			<Option target="&lt;{~None~}&gt;" />
		</Unit>
		<Unit filename="Activity.hpp">
			<Option target="&lt;{~None~}&gt;" />
		</Unit>
		<Unit filename="ActivityRepository.cpp">
			<Option target="&lt;{~None~}&gt;" />
		</Unit>
		<Unit filename="ActivityRepository.hpp">
			<Option target="&lt;{~None~}&gt;" />
		</Unit>
		<Unit filename="AdministrativeRole.cpp">
			<Option target="&lt;{~None~}&gt;" />
		</Unit>
		<Unit filename="AdministrativeRole.hpp">
			<Option target="&lt;{~None~}&gt;" />
		</Unit>
		<Unit filename="Discipline.cpp" />
		<Unit filename="Discipline.hpp" />
		<Unit filename="DisciplineRepository.cpp" />
		<Unit filename="DisciplineRepository.hpp" />
		<Unit filename="GuestRole.cpp">
			<Option target="&lt;{~None~}&gt;" />
		</Unit>
		<Unit filename="GuestRole.hpp">
			<Option target="&lt;{~None~}&gt;" />
		</Unit>
		<Unit filename="Person.cpp">
			<Option target="&lt;{~None~}&gt;" />
		</Unit>
		<Unit filename="Person.hpp">
			<Option target="&lt;{~None~}&gt;" />
		</Unit>
		<Unit filename="PersonRepository.cpp">
			<Option target="&lt;{~None~}&gt;" />
		</Unit>
		<Unit filename="PersonRepository.hpp">
			<Option target="&lt;{~None~}&gt;" />
		</Unit>
		<Unit filename="Repository.cpp">
			<Option target="&lt;{~None~}&gt;" />
		</Unit>
		<Unit filename="Repository.hpp">
			<Option target="&lt;{~None~}&gt;" />
		</Unit>
		<Unit filename="Role.cpp">
			<Option target="&lt;{~None~}&gt;" />
		</Unit>
		<Unit filename="Role.hpp">
			<Option target="&lt;{~None~}&gt;" />
		</Unit>
		<Unit filename="Room.cpp">
			<Option target="&lt;{~None~}&gt;" />
		</Unit>
		<Unit filename="Room.hpp">
			<Option target="&lt;{~None~}&gt;" />
		</Unit>
		<Unit filename="RoomRepository.cpp">
			<Option target="&lt;{~None~}&gt;" />
		</Unit>
		<Unit filename="RoomRepository.hpp">
			<Option target="&lt;{~None~}&gt;" />
		</Unit>
		<Unit filename="StudentRole.cpp">
			<Option target="&lt;{~None~}&gt;" />
		</Unit>
		<Unit filename="StudentRole.hpp">
			<Option target="&lt;{~None~}&gt;" />
		</Unit>
		<Unit filename="StudyGroup.cpp" />
		<Unit filename="StudyGroup.hpp" />
		<Unit filename="TeacherRole.cpp">
			<Option target="&lt;{~None~}&gt;" />
		</Unit>
		<Unit filename="TeacherRole.hpp">
			<Option target="&lt;{~None~}&gt;" />
		</Unit>
		<Unit filename="main.cpp" />
		<Extensions>
			<code_completion />
			<envvars />
			<debugger />
			<lib_finder disable_auto="1" />
		</Extensions>
	</Project>
</CodeBlocks_project_file>
